// !$*UTF8*$!
{
	archiveVersion = 1;
	classes = {
	};
	objectVersion = 46;
	objects = {

/* Begin PBXBuildFile section */
		3F18545118B2505A00C6EE96 /* Foundation.framework in Frameworks */ = {isa = PBXBuildFile; fileRef = 3F18545018B2505A00C6EE96 /* Foundation.framework */; };
		3F18545318B2505A00C6EE96 /* CoreGraphics.framework in Frameworks */ = {isa = PBXBuildFile; fileRef = 3F18545218B2505A00C6EE96 /* CoreGraphics.framework */; };
		3F18545518B2505A00C6EE96 /* UIKit.framework in Frameworks */ = {isa = PBXBuildFile; fileRef = 3F18545418B2505A00C6EE96 /* UIKit.framework */; };
		3F18545B18B2505A00C6EE96 /* InfoPlist.strings in Resources */ = {isa = PBXBuildFile; fileRef = 3F18545918B2505A00C6EE96 /* InfoPlist.strings */; };
		3F18545D18B2505A00C6EE96 /* main.m in Sources */ = {isa = PBXBuildFile; fileRef = 3F18545C18B2505A00C6EE96 /* main.m */; };
		3F18546118B2505A00C6EE96 /* AppDelegate.m in Sources */ = {isa = PBXBuildFile; fileRef = 3F18546018B2505A00C6EE96 /* AppDelegate.m */; };
		3F18546418B2505A00C6EE96 /* Main.storyboard in Resources */ = {isa = PBXBuildFile; fileRef = 3F18546218B2505A00C6EE96 /* Main.storyboard */; };
		3F18546718B2505A00C6EE96 /* ViewController.m in Sources */ = {isa = PBXBuildFile; fileRef = 3F18546618B2505A00C6EE96 /* ViewController.m */; };
		3F18546918B2505A00C6EE96 /* Images.xcassets in Resources */ = {isa = PBXBuildFile; fileRef = 3F18546818B2505A00C6EE96 /* Images.xcassets */; };
		3F18547018B2505A00C6EE96 /* XCTest.framework in Frameworks */ = {isa = PBXBuildFile; fileRef = 3F18546F18B2505A00C6EE96 /* XCTest.framework */; };
		3F18547118B2505A00C6EE96 /* Foundation.framework in Frameworks */ = {isa = PBXBuildFile; fileRef = 3F18545018B2505A00C6EE96 /* Foundation.framework */; };
		3F18547218B2505A00C6EE96 /* UIKit.framework in Frameworks */ = {isa = PBXBuildFile; fileRef = 3F18545418B2505A00C6EE96 /* UIKit.framework */; };
		3F18547A18B2505A00C6EE96 /* InfoPlist.strings in Resources */ = {isa = PBXBuildFile; fileRef = 3F18547818B2505A00C6EE96 /* InfoPlist.strings */; };
		3F18547C18B2505A00C6EE96 /* shakeTestTests.m in Sources */ = {isa = PBXBuildFile; fileRef = 3F18547B18B2505A00C6EE96 /* shakeTestTests.m */; };
/* End PBXBuildFile section */

/* Begin PBXContainerItemProxy section */
		3F18547318B2505A00C6EE96 /* PBXContainerItemProxy */ = {
			isa = PBXContainerItemProxy;
			containerPortal = 3F18544518B2505A00C6EE96 /* Project object */;
			proxyType = 1;
			remoteGlobalIDString = 3F18544C18B2505A00C6EE96;
			remoteInfo = shakeTest;
		};
/* End PBXContainerItemProxy section */

/* Begin PBXFileReference section */
		3F18544D18B2505A00C6EE96 /* shakeTest.app */ = {isa = PBXFileReference; explicitFileType = wrapper.application; includeInIndex = 0; path = shakeTest.app; sourceTree = BUILT_PRODUCTS_DIR; };
		3F18545018B2505A00C6EE96 /* Foundation.framework */ = {isa = PBXFileReference; lastKnownFileType = wrapper.framework; name = Foundation.framework; path = System/Library/Frameworks/Foundation.framework; sourceTree = SDKROOT; };
		3F18545218B2505A00C6EE96 /* CoreGraphics.framework */ = {isa = PBXFileReference; lastKnownFileType = wrapper.framework; name = CoreGraphics.framework; path = System/Library/Frameworks/CoreGraphics.framework; sourceTree = SDKROOT; };
		3F18545418B2505A00C6EE96 /* UIKit.framework */ = {isa = PBXFileReference; lastKnownFileType = wrapper.framework; name = UIKit.framework; path = System/Library/Frameworks/UIKit.framework; sourceTree = SDKROOT; };
		3F18545818B2505A00C6EE96 /* shakeTest-Info.plist */ = {isa = PBXFileReference; lastKnownFileType = text.plist.xml; path = "shakeTest-Info.plist"; sourceTree = "<group>"; };
		3F18545A18B2505A00C6EE96 /* en */ = {isa = PBXFileReference; lastKnownFileType = text.plist.strings; name = en; path = en.lproj/InfoPlist.strings; sourceTree = "<group>"; };
		3F18545C18B2505A00C6EE96 /* main.m */ = {isa = PBXFileReference; lastKnownFileType = sourcecode.c.objc; path = main.m; sourceTree = "<group>"; };
		3F18545E18B2505A00C6EE96 /* shakeTest-Prefix.pch */ = {isa = PBXFileReference; lastKnownFileType = sourcecode.c.h; path = "shakeTest-Prefix.pch"; sourceTree = "<group>"; };
		3F18545F18B2505A00C6EE96 /* AppDelegate.h */ = {isa = PBXFileReference; lastKnownFileType = sourcecode.c.h; path = AppDelegate.h; sourceTree = "<group>"; };
		3F18546018B2505A00C6EE96 /* AppDelegate.m */ = {isa = PBXFileReference; lastKnownFileType = sourcecode.c.objc; path = AppDelegate.m; sourceTree = "<group>"; };
		3F18546318B2505A00C6EE96 /* Base */ = {isa = PBXFileReference; lastKnownFileType = file.storyboard; name = Base; path = Base.lproj/Main.storyboard; sourceTree = "<group>"; };
		3F18546518B2505A00C6EE96 /* ViewController.h */ = {isa = PBXFileReference; lastKnownFileType = sourcecode.c.h; path = ViewController.h; sourceTree = "<group>"; };
		3F18546618B2505A00C6EE96 /* ViewController.m */ = {isa = PBXFileReference; lastKnownFileType = sourcecode.c.objc; path = ViewController.m; sourceTree = "<group>"; };
		3F18546818B2505A00C6EE96 /* Images.xcassets */ = {isa = PBXFileReference; lastKnownFileType = folder.assetcatalog; path = Images.xcassets; sourceTree = "<group>"; };
		3F18546E18B2505A00C6EE96 /* shakeTestTests.xctest */ = {isa = PBXFileReference; explicitFileType = wrapper.cfbundle; includeInIndex = 0; path = shakeTestTests.xctest; sourceTree = BUILT_PRODUCTS_DIR; };
		3F18546F18B2505A00C6EE96 /* XCTest.framework */ = {isa = PBXFileReference; lastKnownFileType = wrapper.framework; name = XCTest.framework; path = Library/Frameworks/XCTest.framework; sourceTree = DEVELOPER_DIR; };
		3F18547718B2505A00C6EE96 /* shakeTestTests-Info.plist */ = {isa = PBXFileReference; lastKnownFileType = text.plist.xml; path = "shakeTestTests-Info.plist"; sourceTree = "<group>"; };
		3F18547918B2505A00C6EE96 /* en */ = {isa = PBXFileReference; lastKnownFileType = text.plist.strings; name = en; path = en.lproj/InfoPlist.strings; sourceTree = "<group>"; };
		3F18547B18B2505A00C6EE96 /* shakeTestTests.m */ = {isa = PBXFileReference; lastKnownFileType = sourcecode.c.objc; path = shakeTestTests.m; sourceTree = "<group>"; };
/* End PBXFileReference section */

/* Begin PBXFrameworksBuildPhase section */
		3F18544A18B2505A00C6EE96 /* Frameworks */ = {
			isa = PBXFrameworksBuildPhase;
			buildActionMask = 2147483647;
			files = (
				3F18545318B2505A00C6EE96 /* CoreGraphics.framework in Frameworks */,
				3F18545518B2505A00C6EE96 /* UIKit.framework in Frameworks */,
				3F18545118B2505A00C6EE96 /* Foundation.framework in Frameworks */,
			);
			runOnlyForDeploymentPostprocessing = 0;
		};
		3F18546B18B2505A00C6EE96 /* Frameworks */ = {
			isa = PBXFrameworksBuildPhase;
			buildActionMask = 2147483647;
			files = (
				3F18547018B2505A00C6EE96 /* XCTest.framework in Frameworks */,
				3F18547218B2505A00C6EE96 /* UIKit.framework in Frameworks */,
				3F18547118B2505A00C6EE96 /* Foundation.framework in Frameworks */,
			);
			runOnlyForDeploymentPostprocessing = 0;
		};
/* End PBXFrameworksBuildPhase section */

/* Begin PBXGroup section */
		3F18544418B2505A00C6EE96 = {
			isa = PBXGroup;
			children = (
				3F18545618B2505A00C6EE96 /* shakeTest */,
				3F18547518B2505A00C6EE96 /* shakeTestTests */,
				3F18544F18B2505A00C6EE96 /* Frameworks */,
				3F18544E18B2505A00C6EE96 /* Products */,
			);
			sourceTree = "<group>";
		};
		3F18544E18B2505A00C6EE96 /* Products */ = {
			isa = PBXGroup;
			children = (
				3F18544D18B2505A00C6EE96 /* shakeTest.app */,
				3F18546E18B2505A00C6EE96 /* shakeTestTests.xctest */,
			);
			name = Products;
			sourceTree = "<group>";
		};
		3F18544F18B2505A00C6EE96 /* Frameworks */ = {
			isa = PBXGroup;
			children = (
				3F18545018B2505A00C6EE96 /* Foundation.framework */,
				3F18545218B2505A00C6EE96 /* CoreGraphics.framework */,
				3F18545418B2505A00C6EE96 /* UIKit.framework */,
				3F18546F18B2505A00C6EE96 /* XCTest.framework */,
			);
			name = Frameworks;
			sourceTree = "<group>";
		};
		3F18545618B2505A00C6EE96 /* shakeTest */ = {
			isa = PBXGroup;
			children = (
				3F18545F18B2505A00C6EE96 /* AppDelegate.h */,
				3F18546018B2505A00C6EE96 /* AppDelegate.m */,
				3F18546218B2505A00C6EE96 /* Main.storyboard */,
				3F18546518B2505A00C6EE96 /* ViewController.h */,
				3F18546618B2505A00C6EE96 /* ViewController.m */,
				3F18546818B2505A00C6EE96 /* Images.xcassets */,
				3F18545718B2505A00C6EE96 /* Supporting Files */,
			);
			path = shakeTest;
			sourceTree = "<group>";
		};
		3F18545718B2505A00C6EE96 /* Supporting Files */ = {
			isa = PBXGroup;
			children = (
				3F18545818B2505A00C6EE96 /* shakeTest-Info.plist */,
				3F18545918B2505A00C6EE96 /* InfoPlist.strings */,
				3F18545C18B2505A00C6EE96 /* main.m */,
				3F18545E18B2505A00C6EE96 /* shakeTest-Prefix.pch */,
			);
			name = "Supporting Files";
			sourceTree = "<group>";
		};
		3F18547518B2505A00C6EE96 /* shakeTestTests */ = {
			isa = PBXGroup;
			children = (
				3F18547B18B2505A00C6EE96 /* shakeTestTests.m */,
				3F18547618B2505A00C6EE96 /* Supporting Files */,
			);
			path = shakeTestTests;
			sourceTree = "<group>";
		};
		3F18547618B2505A00C6EE96 /* Supporting Files */ = {
			isa = PBXGroup;
			children = (
				3F18547718B2505A00C6EE96 /* shakeTestTests-Info.plist */,
				3F18547818B2505A00C6EE96 /* InfoPlist.strings */,
			);
			name = "Supporting Files";
			sourceTree = "<group>";
		};
/* End PBXGroup section */

/* Begin PBXNativeTarget section */
		3F18544C18B2505A00C6EE96 /* shakeTest */ = {
			isa = PBXNativeTarget;
			buildConfigurationList = 3F18547F18B2505A00C6EE96 /* Build configuration list for PBXNativeTarget "shakeTest" */;
			buildPhases = (
				3F18544918B2505A00C6EE96 /* Sources */,
				3F18544A18B2505A00C6EE96 /* Frameworks */,
				3F18544B18B2505A00C6EE96 /* Resources */,
			);
			buildRules = (
			);
			dependencies = (
			);
			name = shakeTest;
			productName = shakeTest;
			productReference = 3F18544D18B2505A00C6EE96 /* shakeTest.app */;
			productType = "com.apple.product-type.application";
		};
		3F18546D18B2505A00C6EE96 /* shakeTestTests */ = {
			isa = PBXNativeTarget;
			buildConfigurationList = 3F18548218B2505A00C6EE96 /* Build configuration list for PBXNativeTarget "shakeTestTests" */;
			buildPhases = (
				3F18546A18B2505A00C6EE96 /* Sources */,
				3F18546B18B2505A00C6EE96 /* Frameworks */,
				3F18546C18B2505A00C6EE96 /* Resources */,
			);
			buildRules = (
			);
			dependencies = (
				3F18547418B2505A00C6EE96 /* PBXTargetDependency */,
			);
			name = shakeTestTests;
			productName = shakeTestTests;
			productReference = 3F18546E18B2505A00C6EE96 /* shakeTestTests.xctest */;
			productType = "com.apple.product-type.bundle.unit-test";
		};
/* End PBXNativeTarget section */

/* Begin PBXProject section */
		3F18544518B2505A00C6EE96 /* Project object */ = {
			isa = PBXProject;
			attributes = {
				LastUpgradeCheck = 0500;
				ORGANIZATIONNAME = "Wesley Seago";
				TargetAttributes = {
					3F18546D18B2505A00C6EE96 = {
						TestTargetID = 3F18544C18B2505A00C6EE96;
					};
				};
			};
			buildConfigurationList = 3F18544818B2505A00C6EE96 /* Build configuration list for PBXProject "shakeTest" */;
			compatibilityVersion = "Xcode 3.2";
			developmentRegion = English;
			hasScannedForEncodings = 0;
			knownRegions = (
				en,
				Base,
			);
			mainGroup = 3F18544418B2505A00C6EE96;
			productRefGroup = 3F18544E18B2505A00C6EE96 /* Products */;
			projectDirPath = "";
			projectRoot = "";
			targets = (
				3F18544C18B2505A00C6EE96 /* shakeTest */,
				3F18546D18B2505A00C6EE96 /* shakeTestTests */,
			);
		};
/* End PBXProject section */

/* Begin PBXResourcesBuildPhase section */
		3F18544B18B2505A00C6EE96 /* Resources */ = {
			isa = PBXResourcesBuildPhase;
			buildActionMask = 2147483647;
			files = (
				3F18546918B2505A00C6EE96 /* Images.xcassets in Resources */,
				3F18545B18B2505A00C6EE96 /* InfoPlist.strings in Resources */,
				3F18546418B2505A00C6EE96 /* Main.storyboard in Resources */,
			);
			runOnlyForDeploymentPostprocessing = 0;
		};
		3F18546C18B2505A00C6EE96 /* Resources */ = {
			isa = PBXResourcesBuildPhase;
			buildActionMask = 2147483647;
			files = (
				3F18547A18B2505A00C6EE96 /* InfoPlist.strings in Resources */,
			);
			runOnlyForDeploymentPostprocessing = 0;
		};
/* End PBXResourcesBuildPhase section */

/* Begin PBXSourcesBuildPhase section */
		3F18544918B2505A00C6EE96 /* Sources */ = {
			isa = PBXSourcesBuildPhase;
			buildActionMask = 2147483647;
			files = (
				3F18546718B2505A00C6EE96 /* ViewController.m in Sources */,
				3F18546118B2505A00C6EE96 /* AppDelegate.m in Sources */,
				3F18545D18B2505A00C6EE96 /* main.m in Sources */,
			);
			runOnlyForDeploymentPostprocessing = 0;
		};
		3F18546A18B2505A00C6EE96 /* Sources */ = {
			isa = PBXSourcesBuildPhase;
			buildActionMask = 2147483647;
			files = (
				3F18547C18B2505A00C6EE96 /* shakeTestTests.m in Sources */,
			);
			runOnlyForDeploymentPostprocessing = 0;
		};
/* End PBXSourcesBuildPhase section */

/* Begin PBXTargetDependency section */
		3F18547418B2505A00C6EE96 /* PBXTargetDependency */ = {
			isa = PBXTargetDependency;
			target = 3F18544C18B2505A00C6EE96 /* shakeTest */;
			targetProxy = 3F18547318B2505A00C6EE96 /* PBXContainerItemProxy */;
		};
/* End PBXTargetDependency section */

/* Begin PBXVariantGroup section */
		3F18545918B2505A00C6EE96 /* InfoPlist.strings */ = {
			isa = PBXVariantGroup;
			children = (
				3F18545A18B2505A00C6EE96 /* en */,
			);
			name = InfoPlist.strings;
			sourceTree = "<group>";
		};
		3F18546218B2505A00C6EE96 /* Main.storyboard */ = {
			isa = PBXVariantGroup;
			children = (
				3F18546318B2505A00C6EE96 /* Base */,
			);
			name = Main.storyboard;
			sourceTree = "<group>";
		};
		3F18547818B2505A00C6EE96 /* InfoPlist.strings */ = {
			isa = PBXVariantGroup;
			children = (
				3F18547918B2505A00C6EE96 /* en */,
			);
			name = InfoPlist.strings;
			sourceTree = "<group>";
		};
/* End PBXVariantGroup section */

/* Begin XCBuildConfiguration section */
		3F18547D18B2505A00C6EE96 /* Debug */ = {
			isa = XCBuildConfiguration;
			buildSettings = {
				ALWAYS_SEARCH_USER_PATHS = NO;
				ARCHS = "$(ARCHS_STANDARD_INCLUDING_64_BIT)";
				CLANG_CXX_LANGUAGE_STANDARD = "gnu++0x";
				CLANG_CXX_LIBRARY = "libc++";
				CLANG_ENABLE_MODULES = YES;
				CLANG_ENABLE_OBJC_ARC = YES;
				CLANG_WARN_BOOL_CONVERSION = YES;
				CLANG_WARN_CONSTANT_CONVERSION = YES;
				CLANG_WARN_DIRECT_OBJC_ISA_USAGE = YES_ERROR;
				CLANG_WARN_EMPTY_BODY = YES;
				CLANG_WARN_ENUM_CONVERSION = YES;
				CLANG_WARN_INT_CONVERSION = YES;
				CLANG_WARN_OBJC_ROOT_CLASS = YES_ERROR;
				CLANG_WARN__DUPLICATE_METHOD_MATCH = YES;
				"CODE_SIGN_IDENTITY[sdk=iphoneos*]" = "iPhone Developer";
				COPY_PHASE_STRIP = NO;
				GCC_C_LANGUAGE_STANDARD = gnu99;
				GCC_DYNAMIC_NO_PIC = NO;
				GCC_OPTIMIZATION_LEVEL = 0;
				GCC_PREPROCESSOR_DEFINITIONS = (
					"DEBUG=1",
					"$(inherited)",
				);
				GCC_SYMBOLS_PRIVATE_EXTERN = NO;
				GCC_WARN_64_TO_32_BIT_CONVERSION = YES;
				GCC_WARN_ABOUT_RETURN_TYPE = YES_ERROR;
				GCC_WARN_UNDECLARED_SELECTOR = YES;
				GCC_WARN_UNINITIALIZED_AUTOS = YES;
				GCC_WARN_UNUSED_FUNCTION = YES;
				GCC_WARN_UNUSED_VARIABLE = YES;
				IPHONEOS_DEPLOYMENT_TARGET = 7.0;
				ONLY_ACTIVE_ARCH = YES;
				SDKROOT = iphoneos;
			};
			name = Debug;
		};
		3F18547E18B2505A00C6EE96 /* Release */ = {
			isa = XCBuildConfiguration;
			buildSettings = {
				ALWAYS_SEARCH_USER_PATHS = NO;
				ARCHS = "$(ARCHS_STANDARD_INCLUDING_64_BIT)";
				CLANG_CXX_LANGUAGE_STANDARD = "gnu++0x";
				CLANG_CXX_LIBRARY = "libc++";
				CLANG_ENABLE_MODULES = YES;
				CLANG_ENABLE_OBJC_ARC = YES;
				CLANG_WARN_BOOL_CONVERSION = YES;
				CLANG_WARN_CONSTANT_CONVERSION = YES;
				CLANG_WARN_DIRECT_OBJC_ISA_USAGE = YES_ERROR;
				CLANG_WARN_EMPTY_BODY = YES;
				CLANG_WARN_ENUM_CONVERSION = YES;
				CLANG_WARN_INT_CONVERSION = YES;
				CLANG_WARN_OBJC_ROOT_CLASS = YES_ERROR;
				CLANG_WARN__DUPLICATE_METHOD_MATCH = YES;
				"CODE_SIGN_IDENTITY[sdk=iphoneos*]" = "iPhone Developer";
				COPY_PHASE_STRIP = YES;
				ENABLE_NS_ASSERTIONS = NO;
				GCC_C_LANGUAGE_STANDARD = gnu99;
				GCC_WARN_64_TO_32_BIT_CONVERSION = YES;
				GCC_WARN_ABOUT_RETURN_TYPE = YES_ERROR;
				GCC_WARN_UNDECLARED_SELECTOR = YES;
				GCC_WARN_UNINITIALIZED_AUTOS = YES;
				GCC_WARN_UNUSED_FUNCTION = YES;
				GCC_WARN_UNUSED_VARIABLE = YES;
				IPHONEOS_DEPLOYMENT_TARGET = 7.0;
				SDKROOT = iphoneos;
				VALIDATE_PRODUCT = YES;
			};
			name = Release;
		};
		3F18548018B2505A00C6EE96 /* Debug */ = {
			isa = XCBuildConfiguration;
			buildSettings = {
				ASSETCATALOG_COMPILER_APPICON_NAME = AppIcon;
				ASSETCATALOG_COMPILER_LAUNCHIMAGE_NAME = LaunchImage;
				CODE_SIGN_IDENTITY = "iPhone Developer: Wesley Seago (KKQ5S79P3C)";
				GCC_PRECOMPILE_PREFIX_HEADER = YES;
				GCC_PREFIX_HEADER = "shakeTest/shakeTest-Prefix.pch";
				INFOPLIST_FILE = "shakeTest/shakeTest-Info.plist";
				PRODUCT_NAME = "$(TARGET_NAME)";
				PROVISIONING_PROFILE = "2D0DC367-FECA-4DB0-97B5-01993D3DE25A";
				WRAPPER_EXTENSION = app;
			};
			name = Debug;
		};
		3F18548118B2505A00C6EE96 /* Release */ = {
			isa = XCBuildConfiguration;
			buildSettings = {
				ASSETCATALOG_COMPILER_APPICON_NAME = AppIcon;
				ASSETCATALOG_COMPILER_LAUNCHIMAGE_NAME = LaunchImage;
				CODE_SIGN_IDENTITY = "iPhone Developer: Wesley Seago (KKQ5S79P3C)";
				GCC_PRECOMPILE_PREFIX_HEADER = YES;
				GCC_PREFIX_HEADER = "shakeTest/shakeTest-Prefix.pch";
				INFOPLIST_FILE = "shakeTest/shakeTest-Info.plist";
				PRODUCT_NAME = "$(TARGET_NAME)";
				PROVISIONING_PROFILE = "2D0DC367-FECA-4DB0-97B5-01993D3DE25A";
				WRAPPER_EXTENSION = app;
			};
			name = Release;
		};
		3F18548318B2505A00C6EE96 /* Debug */ = {
			isa = XCBuildConfiguration;
			buildSettings = {
				ARCHS = "$(ARCHS_STANDARD_INCLUDING_64_BIT)";
				BUNDLE_LOADER = "$(BUILT_PRODUCTS_DIR)/shakeTest.app/shakeTest";
				FRAMEWORK_SEARCH_PATHS = (
					"$(SDKROOT)/Developer/Library/Frameworks",
					"$(inherited)",
					"$(DEVELOPER_FRAMEWORKS_DIR)",
				);
				GCC_PRECOMPILE_PREFIX_HEADER = YES;
				GCC_PREFIX_HEADER = "shakeTest/shakeTest-Prefix.pch";
				GCC_PREPROCESSOR_DEFINITIONS = (
					"DEBUG=1",
					"$(inherited)",
				);
				INFOPLIST_FILE = "shakeTestTests/shakeTestTests-Info.plist";
				PRODUCT_NAME = "$(TARGET_NAME)";
				TEST_HOST = "$(BUNDLE_LOADER)";
				WRAPPER_EXTENSION = xctest;
			};
			name = Debug;
		};
		3F18548418B2505A00C6EE96 /* Release */ = {
			isa = XCBuildConfiguration;
			buildSettings = {
				ARCHS = "$(ARCHS_STANDARD_INCLUDING_64_BIT)";
				BUNDLE_LOADER = "$(BUILT_PRODUCTS_DIR)/shakeTest.app/shakeTest";
				FRAMEWORK_SEARCH_PATHS = (
					"$(SDKROOT)/Developer/Library/Frameworks",
					"$(inherited)",
					"$(DEVELOPER_FRAMEWORKS_DIR)",
				);
				GCC_PRECOMPILE_PREFIX_HEADER = YES;
				GCC_PREFIX_HEADER = "shakeTest/shakeTest-Prefix.pch";
				INFOPLIST_FILE = "shakeTestTests/shakeTestTests-Info.plist";
				PRODUCT_NAME = "$(TARGET_NAME)";
				TEST_HOST = "$(BUNDLE_LOADER)";
				WRAPPER_EXTENSION = xctest;
			};
			name = Release;
		};
/* End XCBuildConfiguration section */

/* Begin XCConfigurationList section */
		3F18544818B2505A00C6EE96 /* Build configuration list for PBXProject "shakeTest" */ = {
			isa = XCConfigurationList;
			buildConfigurations = (
				3F18547D18B2505A00C6EE96 /* Debug */,
				3F18547E18B2505A00C6EE96 /* Release */,
			);
			defaultConfigurationIsVisible = 0;
			defaultConfigurationName = Release;
		};
		3F18547F18B2505A00C6EE96 /* Build configuration list for PBXNativeTarget "shakeTest" */ = {
			isa = XCConfigurationList;
			buildConfigurations = (
				3F18548018B2505A00C6EE96 /* Debug */,
				3F18548118B2505A00C6EE96 /* Release */,
			);
			defaultConfigurationIsVisible = 0;
		};
		3F18548218B2505A00C6EE96 /* Build configuration list for PBXNativeTarget "shakeTestTests" */ = {
			isa = XCConfigurationList;
			buildConfigurations = (
				3F18548318B2505A00C6EE96 /* Debug */,
				3F18548418B2505A00C6EE96 /* Release */,
			);
			defaultConfigurationIsVisible = 0;
		};
/* End XCConfigurationList section */
	};
	rootObject = 3F18544518B2505A00C6EE96 /* Project object */;
}
